// !$*UTF8*$!
{
	archiveVersion = 1;
	classes = {
	};
	objectVersion = 56;
	objects = {

/* Begin PBXBuildFile section */
		58D228B7294217A8005D9461 /* AppDelegate.swift in Sources */ = {isa = PBXBuildFile; fileRef = 58D228B6294217A8005D9461 /* AppDelegate.swift */; };
		58D228B9294217A8005D9461 /* SceneDelegate.swift in Sources */ = {isa = PBXBuildFile; fileRef = 58D228B8294217A8005D9461 /* SceneDelegate.swift */; };
		58D228BB294217A8005D9461 /* ViewController.swift in Sources */ = {isa = PBXBuildFile; fileRef = 58D228BA294217A8005D9461 /* ViewController.swift */; };
		58D228BE294217A8005D9461 /* Main.storyboard in Resources */ = {isa = PBXBuildFile; fileRef = 58D228BC294217A8005D9461 /* Main.storyboard */; };
		58D228C0294217A9005D9461 /* Assets.xcassets in Resources */ = {isa = PBXBuildFile; fileRef = 58D228BF294217A9005D9461 /* Assets.xcassets */; };
		58D228C3294217A9005D9461 /* LaunchScreen.storyboard in Resources */ = {isa = PBXBuildFile; fileRef = 58D228C1294217A9005D9461 /* LaunchScreen.storyboard */; };
		58D228CE294217A9005D9461 /* calculator_swiftTests.swift in Sources */ = {isa = PBXBuildFile; fileRef = 58D228CD294217A9005D9461 /* calculator_swiftTests.swift */; };
		58D228D8294217A9005D9461 /* calculator_swiftUITests.swift in Sources */ = {isa = PBXBuildFile; fileRef = 58D228D7294217A9005D9461 /* calculator_swiftUITests.swift */; };
		58D228DA294217A9005D9461 /* calculator_swiftUITestsLaunchTests.swift in Sources */ = {isa = PBXBuildFile; fileRef = 58D228D9294217A9005D9461 /* calculator_swiftUITestsLaunchTests.swift */; };
/* End PBXBuildFile section */

/* Begin PBXContainerItemProxy section */
		58D228CA294217A9005D9461 /* PBXContainerItemProxy */ = {
			isa = PBXContainerItemProxy;
			containerPortal = 58D228AB294217A8005D9461 /* Project object */;
			proxyType = 1;
			remoteGlobalIDString = 58D228B2294217A8005D9461;
			remoteInfo = calculator_swift;
		};
		58D228D4294217A9005D9461 /* PBXContainerItemProxy */ = {
			isa = PBXContainerItemProxy;
			containerPortal = 58D228AB294217A8005D9461 /* Project object */;
			proxyType = 1;
			remoteGlobalIDString = 58D228B2294217A8005D9461;
			remoteInfo = calculator_swift;
		};
/* End PBXContainerItemProxy section */

/* Begin PBXFileReference section */
		58D228B3294217A8005D9461 /* calculator_swift.app */ = {isa = PBXFileReference; explicitFileType = wrapper.application; includeInIndex = 0; path = calculator_swift.app; sourceTree = BUILT_PRODUCTS_DIR; };
		58D228B6294217A8005D9461 /* AppDelegate.swift */ = {isa = PBXFileReference; lastKnownFileType = sourcecode.swift; path = AppDelegate.swift; sourceTree = "<group>"; };
		58D228B8294217A8005D9461 /* SceneDelegate.swift */ = {isa = PBXFileReference; lastKnownFileType = sourcecode.swift; path = SceneDelegate.swift; sourceTree = "<group>"; };
		58D228BA294217A8005D9461 /* ViewController.swift */ = {isa = PBXFileReference; lastKnownFileType = sourcecode.swift; path = ViewController.swift; sourceTree = "<group>"; };
		58D228BD294217A8005D9461 /* Base */ = {isa = PBXFileReference; lastKnownFileType = file.storyboard; name = Base; path = Base.lproj/Main.storyboard; sourceTree = "<group>"; };
		58D228BF294217A9005D9461 /* Assets.xcassets */ = {isa = PBXFileReference; lastKnownFileType = folder.assetcatalog; path = Assets.xcassets; sourceTree = "<group>"; };
		58D228C2294217A9005D9461 /* Base */ = {isa = PBXFileReference; lastKnownFileType = file.storyboard; name = Base; path = Base.lproj/LaunchScreen.storyboard; sourceTree = "<group>"; };
		58D228C4294217A9005D9461 /* Info.plist */ = {isa = PBXFileReference; lastKnownFileType = text.plist.xml; path = Info.plist; sourceTree = "<group>"; };
		58D228C9294217A9005D9461 /* calculator_swiftTests.xctest */ = {isa = PBXFileReference; explicitFileType = wrapper.cfbundle; includeInIndex = 0; path = calculator_swiftTests.xctest; sourceTree = BUILT_PRODUCTS_DIR; };
		58D228CD294217A9005D9461 /* calculator_swiftTests.swift */ = {isa = PBXFileReference; lastKnownFileType = sourcecode.swift; path = calculator_swiftTests.swift; sourceTree = "<group>"; };
		58D228D3294217A9005D9461 /* calculator_swiftUITests.xctest */ = {isa = PBXFileReference; explicitFileType = wrapper.cfbundle; includeInIndex = 0; path = calculator_swiftUITests.xctest; sourceTree = BUILT_PRODUCTS_DIR; };
		58D228D7294217A9005D9461 /* calculator_swiftUITests.swift */ = {isa = PBXFileReference; lastKnownFileType = sourcecode.swift; path = calculator_swiftUITests.swift; sourceTree = "<group>"; };
		58D228D9294217A9005D9461 /* calculator_swiftUITestsLaunchTests.swift */ = {isa = PBXFileReference; lastKnownFileType = sourcecode.swift; path = calculator_swiftUITestsLaunchTests.swift; sourceTree = "<group>"; };
/* End PBXFileReference section */

/* Begin PBXFrameworksBuildPhase section */
		58D228B0294217A8005D9461 /* Frameworks */ = {
			isa = PBXFrameworksBuildPhase;
			buildActionMask = 2147483647;
			files = (
			);
			runOnlyForDeploymentPostprocessing = 0;
		};
		58D228C6294217A9005D9461 /* Frameworks */ = {
			isa = PBXFrameworksBuildPhase;
			buildActionMask = 2147483647;
			files = (
			);
			runOnlyForDeploymentPostprocessing = 0;
		};
		58D228D0294217A9005D9461 /* Frameworks */ = {
			isa = PBXFrameworksBuildPhase;
			buildActionMask = 2147483647;
			files = (
			);
			runOnlyForDeploymentPostprocessing = 0;
		};
/* End PBXFrameworksBuildPhase section */

/* Begin PBXGroup section */
		58D228AA294217A8005D9461 = {
			isa = PBXGroup;
			children = (
				58D228B5294217A8005D9461 /* calculator_swift */,
				58D228CC294217A9005D9461 /* calculator_swiftTests */,
				58D228D6294217A9005D9461 /* calculator_swiftUITests */,
				58D228B4294217A8005D9461 /* Products */,
			);
			sourceTree = "<group>";
		};
		58D228B4294217A8005D9461 /* Products */ = {
			isa = PBXGroup;
			children = (
				58D228B3294217A8005D9461 /* calculator_swift.app */,
				58D228C9294217A9005D9461 /* calculator_swiftTests.xctest */,
				58D228D3294217A9005D9461 /* calculator_swiftUITests.xctest */,
			);
			name = Products;
			sourceTree = "<group>";
		};
		58D228B5294217A8005D9461 /* calculator_swift */ = {
			isa = PBXGroup;
			children = (
				58D228B6294217A8005D9461 /* AppDelegate.swift */,
				58D228B8294217A8005D9461 /* SceneDelegate.swift */,
				58D228BA294217A8005D9461 /* ViewController.swift */,
				58D228BC294217A8005D9461 /* Main.storyboard */,
				58D228BF294217A9005D9461 /* Assets.xcassets */,
				58D228C1294217A9005D9461 /* LaunchScreen.storyboard */,
				58D228C4294217A9005D9461 /* Info.plist */,
			);
			path = calculator_swift;
			sourceTree = "<group>";
		};
		58D228CC294217A9005D9461 /* calculator_swiftTests */ = {
			isa = PBXGroup;
			children = (
				58D228CD294217A9005D9461 /* calculator_swiftTests.swift */,
			);
			path = calculator_swiftTests;
			sourceTree = "<group>";
		};
		58D228D6294217A9005D9461 /* calculator_swiftUITests */ = {
			isa = PBXGroup;
			children = (
				58D228D7294217A9005D9461 /* calculator_swiftUITests.swift */,
				58D228D9294217A9005D9461 /* calculator_swiftUITestsLaunchTests.swift */,
			);
			path = calculator_swiftUITests;
			sourceTree = "<group>";
		};
/* End PBXGroup section */

/* Begin PBXNativeTarget section */
		58D228B2294217A8005D9461 /* calculator_swift */ = {
			isa = PBXNativeTarget;
			buildConfigurationList = 58D228DD294217A9005D9461 /* Build configuration list for PBXNativeTarget "calculator_swift" */;
			buildPhases = (
				58D228AF294217A8005D9461 /* Sources */,
				58D228B0294217A8005D9461 /* Frameworks */,
				58D228B1294217A8005D9461 /* Resources */,
			);
			buildRules = (
			);
			dependencies = (
			);
			name = calculator_swift;
			productName = calculator_swift;
			productReference = 58D228B3294217A8005D9461 /* calculator_swift.app */;
			productType = "com.apple.product-type.application";
		};
		58D228C8294217A9005D9461 /* calculator_swiftTests */ = {
			isa = PBXNativeTarget;
			buildConfigurationList = 58D228E0294217A9005D9461 /* Build configuration list for PBXNativeTarget "calculator_swiftTests" */;
			buildPhases = (
				58D228C5294217A9005D9461 /* Sources */,
				58D228C6294217A9005D9461 /* Frameworks */,
				58D228C7294217A9005D9461 /* Resources */,
			);
			buildRules = (
			);
			dependencies = (
				58D228CB294217A9005D9461 /* PBXTargetDependency */,
			);
			name = calculator_swiftTests;
			productName = calculator_swiftTests;
			productReference = 58D228C9294217A9005D9461 /* calculator_swiftTests.xctest */;
			productType = "com.apple.product-type.bundle.unit-test";
		};
		58D228D2294217A9005D9461 /* calculator_swiftUITests */ = {
			isa = PBXNativeTarget;
			buildConfigurationList = 58D228E3294217A9005D9461 /* Build configuration list for PBXNativeTarget "calculator_swiftUITests" */;
			buildPhases = (
				58D228CF294217A9005D9461 /* Sources */,
				58D228D0294217A9005D9461 /* Frameworks */,
				58D228D1294217A9005D9461 /* Resources */,
			);
			buildRules = (
			);
			dependencies = (
				58D228D5294217A9005D9461 /* PBXTargetDependency */,
			);
			name = calculator_swiftUITests;
			productName = calculator_swiftUITests;
			productReference = 58D228D3294217A9005D9461 /* calculator_swiftUITests.xctest */;
			productType = "com.apple.product-type.bundle.ui-testing";
		};
/* End PBXNativeTarget section */

/* Begin PBXProject section */
		58D228AB294217A8005D9461 /* Project object */ = {
			isa = PBXProject;
			attributes = {
				BuildIndependentTargetsInParallel = 1;
				LastSwiftUpdateCheck = 1410;
				LastUpgradeCheck = 1410;
				TargetAttributes = {
					58D228B2294217A8005D9461 = {
						CreatedOnToolsVersion = 14.1;
					};
					58D228C8294217A9005D9461 = {
						CreatedOnToolsVersion = 14.1;
						TestTargetID = 58D228B2294217A8005D9461;
					};
					58D228D2294217A9005D9461 = {
						CreatedOnToolsVersion = 14.1;
						TestTargetID = 58D228B2294217A8005D9461;
					};
				};
			};
			buildConfigurationList = 58D228AE294217A8005D9461 /* Build configuration list for PBXProject "calculator_swift" */;
			compatibilityVersion = "Xcode 14.0";
			developmentRegion = en;
			hasScannedForEncodings = 0;
			knownRegions = (
				en,
				Base,
			);
			mainGroup = 58D228AA294217A8005D9461;
			productRefGroup = 58D228B4294217A8005D9461 /* Products */;
			projectDirPath = "";
			projectRoot = "";
			targets = (
				58D228B2294217A8005D9461 /* calculator_swift */,
				58D228C8294217A9005D9461 /* calculator_swiftTests */,
				58D228D2294217A9005D9461 /* calculator_swiftUITests */,
			);
		};
/* End PBXProject section */

/* Begin PBXResourcesBuildPhase section */
		58D228B1294217A8005D9461 /* Resources */ = {
			isa = PBXResourcesBuildPhase;
			buildActionMask = 2147483647;
			files = (
				58D228C3294217A9005D9461 /* LaunchScreen.storyboard in Resources */,
				58D228C0294217A9005D9461 /* Assets.xcassets in Resources */,
				58D228BE294217A8005D9461 /* Main.storyboard in Resources */,
			);
			runOnlyForDeploymentPostprocessing = 0;
		};
		58D228C7294217A9005D9461 /* Resources */ = {
			isa = PBXResourcesBuildPhase;
			buildActionMask = 2147483647;
			files = (
			);
			runOnlyForDeploymentPostprocessing = 0;
		};
		58D228D1294217A9005D9461 /* Resources */ = {
			isa = PBXResourcesBuildPhase;
			buildActionMask = 2147483647;
			files = (
			);
			runOnlyForDeploymentPostprocessing = 0;
		};
/* End PBXResourcesBuildPhase section */

/* Begin PBXSourcesBuildPhase section */
		58D228AF294217A8005D9461 /* Sources */ = {
			isa = PBXSourcesBuildPhase;
			buildActionMask = 2147483647;
			files = (
				58D228BB294217A8005D9461 /* ViewController.swift in Sources */,
				58D228B7294217A8005D9461 /* AppDelegate.swift in Sources */,
				58D228B9294217A8005D9461 /* SceneDelegate.swift in Sources */,
			);
			runOnlyForDeploymentPostprocessing = 0;
		};
		58D228C5294217A9005D9461 /* Sources */ = {
			isa = PBXSourcesBuildPhase;
			buildActionMask = 2147483647;
			files = (
				58D228CE294217A9005D9461 /* calculator_swiftTests.swift in Sources */,
			);
			runOnlyForDeploymentPostprocessing = 0;
		};
		58D228CF294217A9005D9461 /* Sources */ = {
			isa = PBXSourcesBuildPhase;
			buildActionMask = 2147483647;
			files = (
				58D228DA294217A9005D9461 /* calculator_swiftUITestsLaunchTests.swift in Sources */,
				58D228D8294217A9005D9461 /* calculator_swiftUITests.swift in Sources */,
			);
			runOnlyForDeploymentPostprocessing = 0;
		};
/* End PBXSourcesBuildPhase section */

/* Begin PBXTargetDependency section */
		58D228CB294217A9005D9461 /* PBXTargetDependency */ = {
			isa = PBXTargetDependency;
			target = 58D228B2294217A8005D9461 /* calculator_swift */;
			targetProxy = 58D228CA294217A9005D9461 /* PBXContainerItemProxy */;
		};
		58D228D5294217A9005D9461 /* PBXTargetDependency */ = {
			isa = PBXTargetDependency;
			target = 58D228B2294217A8005D9461 /* calculator_swift */;
			targetProxy = 58D228D4294217A9005D9461 /* PBXContainerItemProxy */;
		};
/* End PBXTargetDependency section */

/* Begin PBXVariantGroup section */
		58D228BC294217A8005D9461 /* Main.storyboard */ = {
			isa = PBXVariantGroup;
			children = (
				58D228BD294217A8005D9461 /* Base */,
			);
			name = Main.storyboard;
			sourceTree = "<group>";
		};
		58D228C1294217A9005D9461 /* LaunchScreen.storyboard */ = {
			isa = PBXVariantGroup;
			children = (
				58D228C2294217A9005D9461 /* Base */,
			);
			name = LaunchScreen.storyboard;
			sourceTree = "<group>";
		};
/* End PBXVariantGroup section */

/* Begin XCBuildConfiguration section */
		58D228DB294217A9005D9461 /* Debug */ = {
			isa = XCBuildConfiguration;
			buildSettings = {
				ALWAYS_SEARCH_USER_PATHS = NO;
				CLANG_ANALYZER_NONNULL = YES;
				CLANG_ANALYZER_NUMBER_OBJECT_CONVERSION = YES_AGGRESSIVE;
				CLANG_CXX_LANGUAGE_STANDARD = "gnu++20";
				CLANG_ENABLE_MODULES = YES;
				CLANG_ENABLE_OBJC_ARC = YES;
				CLANG_ENABLE_OBJC_WEAK = YES;
				CLANG_WARN_BLOCK_CAPTURE_AUTORELEASING = YES;
				CLANG_WARN_BOOL_CONVERSION = YES;
				CLANG_WARN_COMMA = YES;
				CLANG_WARN_CONSTANT_CONVERSION = YES;
				CLANG_WARN_DEPRECATED_OBJC_IMPLEMENTATIONS = YES;
				CLANG_WARN_DIRECT_OBJC_ISA_USAGE = YES_ERROR;
				CLANG_WARN_DOCUMENTATION_COMMENTS = YES;
				CLANG_WARN_EMPTY_BODY = YES;
				CLANG_WARN_ENUM_CONVERSION = YES;
				CLANG_WARN_INFINITE_RECURSION = YES;
				CLANG_WARN_INT_CONVERSION = YES;
				CLANG_WARN_NON_LITERAL_NULL_CONVERSION = YES;
				CLANG_WARN_OBJC_IMPLICIT_RETAIN_SELF = YES;
				CLANG_WARN_OBJC_LITERAL_CONVERSION = YES;
				CLANG_WARN_OBJC_ROOT_CLASS = YES_ERROR;
				CLANG_WARN_QUOTED_INCLUDE_IN_FRAMEWORK_HEADER = YES;
				CLANG_WARN_RANGE_LOOP_ANALYSIS = YES;
				CLANG_WARN_STRICT_PROTOTYPES = YES;
				CLANG_WARN_SUSPICIOUS_MOVE = YES;
				CLANG_WARN_UNGUARDED_AVAILABILITY = YES_AGGRESSIVE;
				CLANG_WARN_UNREACHABLE_CODE = YES;
				CLANG_WARN__DUPLICATE_METHOD_MATCH = YES;
				COPY_PHASE_STRIP = NO;
				DEBUG_INFORMATION_FORMAT = dwarf;
				ENABLE_STRICT_OBJC_MSGSEND = YES;
				ENABLE_TESTABILITY = YES;
				GCC_C_LANGUAGE_STANDARD = gnu11;
				GCC_DYNAMIC_NO_PIC = NO;
				GCC_NO_COMMON_BLOCKS = YES;
				GCC_OPTIMIZATION_LEVEL = 0;
				GCC_PREPROCESSOR_DEFINITIONS = (
					"DEBUG=1",
					"$(inherited)",
				);
				GCC_WARN_64_TO_32_BIT_CONVERSION = YES;
				GCC_WARN_ABOUT_RETURN_TYPE = YES_ERROR;
				GCC_WARN_UNDECLARED_SELECTOR = YES;
				GCC_WARN_UNINITIALIZED_AUTOS = YES_AGGRESSIVE;
				GCC_WARN_UNUSED_FUNCTION = YES;
				GCC_WARN_UNUSED_VARIABLE = YES;
				IPHONEOS_DEPLOYMENT_TARGET = 16.1;
				MTL_ENABLE_DEBUG_INFO = INCLUDE_SOURCE;
				MTL_FAST_MATH = YES;
				ONLY_ACTIVE_ARCH = YES;
				SDKROOT = iphoneos;
				SWIFT_ACTIVE_COMPILATION_CONDITIONS = DEBUG;
				SWIFT_OPTIMIZATION_LEVEL = "-Onone";
			};
			name = Debug;
		};
		58D228DC294217A9005D9461 /* Release */ = {
			isa = XCBuildConfiguration;
			buildSettings = {
				ALWAYS_SEARCH_USER_PATHS = NO;
				CLANG_ANALYZER_NONNULL = YES;
				CLANG_ANALYZER_NUMBER_OBJECT_CONVERSION = YES_AGGRESSIVE;
				CLANG_CXX_LANGUAGE_STANDARD = "gnu++20";
				CLANG_ENABLE_MODULES = YES;
				CLANG_ENABLE_OBJC_ARC = YES;
				CLANG_ENABLE_OBJC_WEAK = YES;
				CLANG_WARN_BLOCK_CAPTURE_AUTORELEASING = YES;
				CLANG_WARN_BOOL_CONVERSION = YES;
				CLANG_WARN_COMMA = YES;
				CLANG_WARN_CONSTANT_CONVERSION = YES;
				CLANG_WARN_DEPRECATED_OBJC_IMPLEMENTATIONS = YES;
				CLANG_WARN_DIRECT_OBJC_ISA_USAGE = YES_ERROR;
				CLANG_WARN_DOCUMENTATION_COMMENTS = YES;
				CLANG_WARN_EMPTY_BODY = YES;
				CLANG_WARN_ENUM_CONVERSION = YES;
				CLANG_WARN_INFINITE_RECURSION = YES;
				CLANG_WARN_INT_CONVERSION = YES;
				CLANG_WARN_NON_LITERAL_NULL_CONVERSION = YES;
				CLANG_WARN_OBJC_IMPLICIT_RETAIN_SELF = YES;
				CLANG_WARN_OBJC_LITERAL_CONVERSION = YES;
				CLANG_WARN_OBJC_ROOT_CLASS = YES_ERROR;
				CLANG_WARN_QUOTED_INCLUDE_IN_FRAMEWORK_HEADER = YES;
				CLANG_WARN_RANGE_LOOP_ANALYSIS = YES;
				CLANG_WARN_STRICT_PROTOTYPES = YES;
				CLANG_WARN_SUSPICIOUS_MOVE = YES;
				CLANG_WARN_UNGUARDED_AVAILABILITY = YES_AGGRESSIVE;
				CLANG_WARN_UNREACHABLE_CODE = YES;
				CLANG_WARN__DUPLICATE_METHOD_MATCH = YES;
				COPY_PHASE_STRIP = NO;
				DEBUG_INFORMATION_FORMAT = "dwarf-with-dsym";
				ENABLE_NS_ASSERTIONS = NO;
				ENABLE_STRICT_OBJC_MSGSEND = YES;
				GCC_C_LANGUAGE_STANDARD = gnu11;
				GCC_NO_COMMON_BLOCKS = YES;
				GCC_WARN_64_TO_32_BIT_CONVERSION = YES;
				GCC_WARN_ABOUT_RETURN_TYPE = YES_ERROR;
				GCC_WARN_UNDECLARED_SELECTOR = YES;
				GCC_WARN_UNINITIALIZED_AUTOS = YES_AGGRESSIVE;
				GCC_WARN_UNUSED_FUNCTION = YES;
				GCC_WARN_UNUSED_VARIABLE = YES;
				IPHONEOS_DEPLOYMENT_TARGET = 16.1;
				MTL_ENABLE_DEBUG_INFO = NO;
				MTL_FAST_MATH = YES;
				SDKROOT = iphoneos;
				SWIFT_COMPILATION_MODE = wholemodule;
				SWIFT_OPTIMIZATION_LEVEL = "-O";
				VALIDATE_PRODUCT = YES;
			};
			name = Release;
		};
		58D228DE294217A9005D9461 /* Debug */ = {
			isa = XCBuildConfiguration;
			buildSettings = {
				ASSETCATALOG_COMPILER_APPICON_NAME = AppIcon;
				ASSETCATALOG_COMPILER_GLOBAL_ACCENT_COLOR_NAME = AccentColor;
				CODE_SIGN_STYLE = Automatic;
				CURRENT_PROJECT_VERSION = 1;
				GENERATE_INFOPLIST_FILE = YES;
				INFOPLIST_FILE = calculator_swift/Info.plist;
				INFOPLIST_KEY_UIApplicationSupportsIndirectInputEvents = YES;
				INFOPLIST_KEY_UILaunchStoryboardName = LaunchScreen;
				INFOPLIST_KEY_UIMainStoryboardFile = Main;
				INFOPLIST_KEY_UISupportedInterfaceOrientations_iPad = "UIInterfaceOrientationPortrait UIInterfaceOrientationPortraitUpsideDown UIInterfaceOrientationLandscapeLeft UIInterfaceOrientationLandscapeRight";
				INFOPLIST_KEY_UISupportedInterfaceOrientations_iPhone = "UIInterfaceOrientationPortrait UIInterfaceOrientationLandscapeLeft UIInterfaceOrientationLandscapeRight";
				LD_RUNPATH_SEARCH_PATHS = (
					"$(inherited)",
					"@executable_path/Frameworks",
				);
				MARKETING_VERSION = 1.0;
				PRODUCT_BUNDLE_IDENTIFIER = "com.turan.calculator-swift";
				PRODUCT_NAME = "$(TARGET_NAME)";
				SWIFT_EMIT_LOC_STRINGS = YES;
				SWIFT_VERSION = 5.0;
				TARGETED_DEVICE_FAMILY = "1,2";
			};
			name = Debug;
		};
		58D228DF294217A9005D9461 /* Release */ = {
			isa = XCBuildConfiguration;
			buildSettings = {
				ASSETCATALOG_COMPILER_APPICON_NAME = AppIcon;
				ASSETCATALOG_COMPILER_GLOBAL_ACCENT_COLOR_NAME = AccentColor;
				CODE_SIGN_STYLE = Automatic;
				CURRENT_PROJECT_VERSION = 1;
				GENERATE_INFOPLIST_FILE = YES;
				INFOPLIST_FILE = calculator_swift/Info.plist;
				INFOPLIST_KEY_UIApplicationSupportsIndirectInputEvents = YES;
				INFOPLIST_KEY_UILaunchStoryboardName = LaunchScreen;
				INFOPLIST_KEY_UIMainStoryboardFile = Main;
				INFOPLIST_KEY_UISupportedInterfaceOrientations_iPad = "UIInterfaceOrientationPortrait UIInterfaceOrientationPortraitUpsideDown UIInterfaceOrientationLandscapeLeft UIInterfaceOrientationLandscapeRight";
				INFOPLIST_KEY_UISupportedInterfaceOrientations_iPhone = "UIInterfaceOrientationPortrait UIInterfaceOrientationLandscapeLeft UIInterfaceOrientationLandscapeRight";
				LD_RUNPATH_SEARCH_PATHS = (
					"$(inherited)",
					"@executable_path/Frameworks",
				);
				MARKETING_VERSION = 1.0;
				PRODUCT_BUNDLE_IDENTIFIER = "com.turan.calculator-swift";
				PRODUCT_NAME = "$(TARGET_NAME)";
				SWIFT_EMIT_LOC_STRINGS = YES;
				SWIFT_VERSION = 5.0;
				TARGETED_DEVICE_FAMILY = "1,2";
			};
			name = Release;
		};
		58D228E1294217A9005D9461 /* Debug */ = {
			isa = XCBuildConfiguration;
			buildSettings = {
				ALWAYS_EMBED_SWIFT_STANDARD_LIBRARIES = YES;
				BUNDLE_LOADER = "$(TEST_HOST)";
				CODE_SIGN_STYLE = Automatic;
				CURRENT_PROJECT_VERSION = 1;
				GENERATE_INFOPLIST_FILE = YES;
				IPHONEOS_DEPLOYMENT_TARGET = 16.1;
				MARKETING_VERSION = 1.0;
				PRODUCT_BUNDLE_IDENTIFIER = "com.turan.calculator-swiftTests";
				PRODUCT_NAME = "$(TARGET_NAME)";
				SWIFT_EMIT_LOC_STRINGS = NO;
				SWIFT_VERSION = 5.0;
				TARGETED_DEVICE_FAMILY = "1,2";
				TEST_HOST = "$(BUILT_PRODUCTS_DIR)/calculator_swift.app/$(BUNDLE_EXECUTABLE_FOLDER_PATH)/calculator_swift";
			};
			name = Debug;
		};
		58D228E2294217A9005D9461 /* Release */ = {
			isa = XCBuildConfiguration;
			buildSettings = {
				ALWAYS_EMBED_SWIFT_STANDARD_LIBRARIES = YES;
				BUNDLE_LOADER = "$(TEST_HOST)";
				CODE_SIGN_STYLE = Automatic;
				CURRENT_PROJECT_VERSION = 1;
				GENERATE_INFOPLIST_FILE = YES;
				IPHONEOS_DEPLOYMENT_TARGET = 16.1;
				MARKETING_VERSION = 1.0;
				PRODUCT_BUNDLE_IDENTIFIER = "com.turan.calculator-swiftTests";
				PRODUCT_NAME = "$(TARGET_NAME)";
				SWIFT_EMIT_LOC_STRINGS = NO;
				SWIFT_VERSION = 5.0;
				TARGETED_DEVICE_FAMILY = "1,2";
				TEST_HOST = "$(BUILT_PRODUCTS_DIR)/calculator_swift.app/$(BUNDLE_EXECUTABLE_FOLDER_PATH)/calculator_swift";
			};
			name = Release;
		};
		58D228E4294217A9005D9461 /* Debug */ = {
			isa = XCBuildConfiguration;
			buildSettings = {
				ALWAYS_EMBED_SWIFT_STANDARD_LIBRARIES = YES;
				CODE_SIGN_STYLE = Automatic;
				CURRENT_PROJECT_VERSION = 1;
				GENERATE_INFOPLIST_FILE = YES;
				MARKETING_VERSION = 1.0;
				PRODUCT_BUNDLE_IDENTIFIER = "com.turan.calculator-swiftUITests";
				PRODUCT_NAME = "$(TARGET_NAME)";
				SWIFT_EMIT_LOC_STRINGS = NO;
				SWIFT_VERSION = 5.0;
				TARGETED_DEVICE_FAMILY = "1,2";
				TEST_TARGET_NAME = calculator_swift;
			};
			name = Debug;
		};
		58D228E5294217A9005D9461 /* Release */ = {
			isa = XCBuildConfiguration;
			buildSettings = {
				ALWAYS_EMBED_SWIFT_STANDARD_LIBRARIES = YES;
				CODE_SIGN_STYLE = Automatic;
				CURRENT_PROJECT_VERSION = 1;
				GENERATE_INFOPLIST_FILE = YES;
				MARKETING_VERSION = 1.0;
				PRODUCT_BUNDLE_IDENTIFIER = "com.turan.calculator-swiftUITests";
				PRODUCT_NAME = "$(TARGET_NAME)";
				SWIFT_EMIT_LOC_STRINGS = NO;
				SWIFT_VERSION = 5.0;
				TARGETED_DEVICE_FAMILY = "1,2";
				TEST_TARGET_NAME = calculator_swift;
			};
			name = Release;
		};
/* End XCBuildConfiguration section */

/* Begin XCConfigurationList section */
		58D228AE294217A8005D9461 /* Build configuration list for PBXProject "calculator_swift" */ = {
			isa = XCConfigurationList;
			buildConfigurations = (
				58D228DB294217A9005D9461 /* Debug */,
				58D228DC294217A9005D9461 /* Release */,
			);
			defaultConfigurationIsVisible = 0;
			defaultConfigurationName = Release;
		};
		58D228DD294217A9005D9461 /* Build configuration list for PBXNativeTarget "calculator_swift" */ = {
			isa = XCConfigurationList;
			buildConfigurations = (
				58D228DE294217A9005D9461 /* Debug */,
				58D228DF294217A9005D9461 /* Release */,
			);
			defaultConfigurationIsVisible = 0;
			defaultConfigurationName = Release;
		};
		58D228E0294217A9005D9461 /* Build configuration list for PBXNativeTarget "calculator_swiftTests" */ = {
			isa = XCConfigurationList;
			buildConfigurations = (
				58D228E1294217A9005D9461 /* Debug */,
				58D228E2294217A9005D9461 /* Release */,
			);
			defaultConfigurationIsVisible = 0;
			defaultConfigurationName = Release;
		};
		58D228E3294217A9005D9461 /* Build configuration list for PBXNativeTarget "calculator_swiftUITests" */ = {
			isa = XCConfigurationList;
			buildConfigurations = (
				58D228E4294217A9005D9461 /* Debug */,
				58D228E5294217A9005D9461 /* Release */,
			);
			defaultConfigurationIsVisible = 0;
			defaultConfigurationName = Release;
		};
/* End XCConfigurationList section */
	};
	rootObject = 58D228AB294217A8005D9461 /* Project object */;
}
